
Microsoft Visual Studio Solution File, Format Version 12.00
# Visual Studio 2013
VisualStudioVersion = 12.0.40629.0
MinimumVisualStudioVersion = 10.0.40219.1
Project("{FAE04EC0-301F-11D3-BF4B-00C04F79EFBC}") = "WebApi_first", "WebApi_first\WebApi_first.csproj", "{E2CE0D1A-7DAB-49B1-BE0E-6E2FD092FCA2}"
EndProject
Project("{2150E333-8FDC-42A3-9474-1A3956D46DE8}") = ".nuget", ".nuget", "{4D0CEEAE-D786-4BCF-8627-D9581BBEB819}"
EndProject
Project("{FAE04EC0-301F-11D3-BF4B-00C04F79EFBC}") = "Todo", "Todo\Todo.csproj", "{C5EE81BD-5582-4317-A394-A09DB97467AC}"
EndProject
Global
	GlobalSection(SolutionConfigurationPlatforms) = preSolution
		Debug|Any CPU = Debug|Any CPU
		Release|Any CPU = Release|Any CPU
	EndGlobalSection
	GlobalSection(ProjectConfigurationPlatforms) = postSolution
		{E2CE0D1A-7DAB-49B1-BE0E-6E2FD092FCA2}.Debug|Any CPU.ActiveCfg = Debug|Any CPU
		{E2CE0D1A-7DAB-49B1-BE0E-6E2FD092FCA2}.Debug|Any CPU.Build.0 = Debug|Any CPU
		{E2CE0D1A-7DAB-49B1-BE0E-6E2FD092FCA2}.Release|Any CPU.ActiveCfg = Release|Any CPU
		{E2CE0D1A-7DAB-49B1-BE0E-6E2FD092FCA2}.Release|Any CPU.Build.0 = Release|Any CPU
		{C5EE81BD-5582-4317-A394-A09DB97467AC}.Debug|Any CPU.ActiveCfg = Debug|Any CPU
		{C5EE81BD-5582-4317-A394-A09DB97467AC}.Debug|Any CPU.Build.0 = Debug|Any CPU
		{C5EE81BD-5582-4317-A394-A09DB97467AC}.Debug|Any CPU.Deploy.0 = Debug|Any CPU
		{C5EE81BD-5582-4317-A394-A09DB97467AC}.Release|Any CPU.ActiveCfg = Release|Any CPU
		{C5EE81BD-5582-4317-A394-A09DB97467AC}.Release|Any CPU.Build.0 = Release|Any CPU
	EndGlobalSection
	GlobalSection(SolutionProperties) = preSolution
		HideSolutionNode = FALSE
	EndGlobalSection
EndGlobal
